
Microsoft Visual Studio Solution File, Format Version 12.00
# Visual Studio Version 16
VisualStudioVersion = 16.0.30413.136
MinimumVisualStudioVersion = 10.0.40219.1
Project("{FAE04EC0-301F-11D3-BF4B-00C04F79EFBC}") = "rcmsendbackfailed", "rcmsendbackfailed\rcmsendbackfailed.csproj", "{62A25651-EB43-450B-8E6C-A2F59EC270EE}"
EndProject
Global
	GlobalSection(SolutionConfigurationPlatforms) = preSolution
		Debug|Any CPU = Debug|Any CPU
		Release|Any CPU = Release|Any CPU
	EndGlobalSection
	GlobalSection(ProjectConfigurationPlatforms) = postSolution
		{62A25651-EB43-450B-8E6C-A2F59EC270EE}.Debug|Any CPU.ActiveCfg = Debug|Any CPU
		{62A25651-EB43-450B-8E6C-A2F59EC270EE}.Debug|Any CPU.Build.0 = Debug|Any CPU
		{62A25651-EB43-450B-8E6C-A2F59EC270EE}.Release|Any CPU.ActiveCfg = Release|Any CPU
		{62A25651-EB43-450B-8E6C-A2F59EC270EE}.Release|Any CPU.Build.0 = Release|Any CPU
	EndGlobalSection
	GlobalSection(SolutionProperties) = preSolution
		HideSolutionNode = FALSE
	EndGlobalSection
	GlobalSection(ExtensibilityGlobals) = postSolution
		SolutionGuid = {6BF3D0BD-8BDD-4FE1-BD60-E378E74210AC}
	EndGlobalSection
EndGlobal
